
Microsoft Visual Studio Solution File, Format Version 12.00
# Visual Studio Version 16
VisualStudioVersion = 16.0.29424.173
MinimumVisualStudioVersion = 10.0.40219.1
Project("{2150E333-8FDC-42A3-9474-1A3956D46DE8}") = "Domain", "Domain", "{E44756AF-E8E3-4691-86C7-DA76D5402733}"
EndProject
Project("{2150E333-8FDC-42A3-9474-1A3956D46DE8}") = "Service", "Service", "{1F85F948-91FA-42B9-A026-0718E4E6FADB}"
EndProject
Project("{2150E333-8FDC-42A3-9474-1A3956D46DE8}") = "Infraestructure", "Infraestructure", "{7815A52C-136F-46B4-8E28-CFF4764FFB35}"
EndProject
Project("{2150E333-8FDC-42A3-9474-1A3956D46DE8}") = "UI", "UI", "{820DEE29-6964-4B83-AEA9-83974EEC80DA}"
EndProject
Project("{9A19103F-16F7-4668-BE54-9A1E7A4F7556}") = "EGobX.NTemplate.Domain", "src\EGobX.Template.Domain\EGobX.NTemplate.Domain.csproj", "{23560F47-B37C-4527-93EB-EB97CD727CC2}"
EndProject
Project("{9A19103F-16F7-4668-BE54-9A1E7A4F7556}") = "EGobX.NTemplate.Service", "src\EGobX.Template.Service\EGobX.NTemplate.Service.csproj", "{0EEC1213-CE74-46F7-BD1A-4238915991BE}"
EndProject
Project("{9A19103F-16F7-4668-BE54-9A1E7A4F7556}") = "EGobX.NTemplate.API", "src\EGobX.Template.API\EGobX.NTemplate.API.csproj", "{4B3EEB05-AEB5-4E74-9B75-3D7A520F448B}"
EndProject
Project("{9A19103F-16F7-4668-BE54-9A1E7A4F7556}") = "EGobX.NTemplate.Infraestructure.EFCore.SqlServer", "src\EGobX.Template.Infraestructure.EFCore.SqlServer\EGobX.NTemplate.Infraestructure.EFCore.SqlServer.csproj", "{A24B48B5-8B01-44B4-8F9E-B6CC7F9C27FC}"
EndProject
Project("{2150E333-8FDC-42A3-9474-1A3956D46DE8}") = "src", "src", "{B98438FC-DD7F-41EF-BCE1-F945F586DDEF}"
EndProject
Project("{2150E333-8FDC-42A3-9474-1A3956D46DE8}") = "test", "test", "{19FAA0C0-48D5-4506-9F87-444F4A7D6531}"
EndProject
Project("{2150E333-8FDC-42A3-9474-1A3956D46DE8}") = "ViewModel", "ViewModel", "{0BD17381-FB28-4271-8514-104F203E06AF}"
EndProject
Project("{9A19103F-16F7-4668-BE54-9A1E7A4F7556}") = "EGobX.NTemplate.ViewModel", "src\EGobX.NTemplate.ViewModel\EGobX.NTemplate.ViewModel.csproj", "{32A013AD-3D6B-4CFF-B39D-A2E362149678}"
EndProject
Project("{2150E333-8FDC-42A3-9474-1A3956D46DE8}") = "Infraestructure", "Infraestructure", "{FEC73D8E-A1B5-418C-8739-C89D88B1EB6D}"
EndProject
Project("{9A19103F-16F7-4668-BE54-9A1E7A4F7556}") = "EGobX.NTemplate.Infraestructure.EFCore.SqlServerUTest", "test\EGobX.NTemplate.Infraestructure.EFCore.SqlServerUTest\EGobX.NTemplate.Infraestructure.EFCore.SqlServerUTest.csproj", "{747E1C5D-C08F-450D-AC99-50E5D2483C5B}"
EndProject
Project("{2150E333-8FDC-42A3-9474-1A3956D46DE8}") = "Service", "Service", "{5D18D460-B875-4A90-ACD7-08941C39A509}"
EndProject
Project("{9A19103F-16F7-4668-BE54-9A1E7A4F7556}") = "EGobX.NTemplate.ServiceUTest", "test\EGobX.NTemplate.ServiceUTest\EGobX.NTemplate.ServiceUTest.csproj", "{A44ED29B-3C21-4BE2-85E3-BA84DAE3C3F4}"
EndProject
Project("{2150E333-8FDC-42A3-9474-1A3956D46DE8}") = "UI", "UI", "{F17C32E3-7C3E-4F1C-B8F8-08C34493A7D1}"
EndProject
Project("{2150E333-8FDC-42A3-9474-1A3956D46DE8}") = "ViewModel", "ViewModel", "{476DD0CF-36E9-4A6F-95E7-1D39A7600450}"
EndProject
Project("{9A19103F-16F7-4668-BE54-9A1E7A4F7556}") = "EGobX.NTemplate.APIUTest", "test\EGobX.NTemplate.APIUTest\EGobX.NTemplate.APIUTest.csproj", "{04F8A557-E702-411B-B03D-B1C137ADAC97}"
EndProject
Project("{9A19103F-16F7-4668-BE54-9A1E7A4F7556}") = "EGobX.NTemplate.ViewModelUTest", "test\EGobX.NTemplate.ViewModelUTest\EGobX.NTemplate.ViewModelUTest.csproj", "{50545D5C-0BF6-40A5-BA71-3584966B0C35}"
EndProject
Project("{2150E333-8FDC-42A3-9474-1A3956D46DE8}") = "Response", "Response", "{A1BBA43C-9DBB-4F11-B493-D3F7CDB482A5}" 
EndProject
Project("{9A19103F-16F7-4668-BE54-9A1E7A4F7556}") = "EGobX.Response", "src\EGobX.Response\EGobX.Response.csproj", "{4AFA87D2-8C65-4DED-BC8F-8B603C73FB22}"
EndProject
Global
	GlobalSection(SolutionConfigurationPlatforms) = preSolution
		Debug|Any CPU = Debug|Any CPU
		Release|Any CPU = Release|Any CPU
	EndGlobalSection
	GlobalSection(ProjectConfigurationPlatforms) = postSolution
		{23560F47-B37C-4527-93EB-EB97CD727CC2}.Debug|Any CPU.ActiveCfg = Debug|Any CPU
		{23560F47-B37C-4527-93EB-EB97CD727CC2}.Debug|Any CPU.Build.0 = Debug|Any CPU
		{23560F47-B37C-4527-93EB-EB97CD727CC2}.Release|Any CPU.ActiveCfg = Release|Any CPU
		{23560F47-B37C-4527-93EB-EB97CD727CC2}.Release|Any CPU.Build.0 = Release|Any CPU
		{0EEC1213-CE74-46F7-BD1A-4238915991BE}.Debug|Any CPU.ActiveCfg = Debug|Any CPU
		{0EEC1213-CE74-46F7-BD1A-4238915991BE}.Debug|Any CPU.Build.0 = Debug|Any CPU
		{0EEC1213-CE74-46F7-BD1A-4238915991BE}.Release|Any CPU.ActiveCfg = Release|Any CPU
		{0EEC1213-CE74-46F7-BD1A-4238915991BE}.Release|Any CPU.Build.0 = Release|Any CPU
		{4B3EEB05-AEB5-4E74-9B75-3D7A520F448B}.Debug|Any CPU.ActiveCfg = Debug|Any CPU
		{4B3EEB05-AEB5-4E74-9B75-3D7A520F448B}.Debug|Any CPU.Build.0 = Debug|Any CPU
		{4B3EEB05-AEB5-4E74-9B75-3D7A520F448B}.Release|Any CPU.ActiveCfg = Release|Any CPU
		{4B3EEB05-AEB5-4E74-9B75-3D7A520F448B}.Release|Any CPU.Build.0 = Release|Any CPU
		{A24B48B5-8B01-44B4-8F9E-B6CC7F9C27FC}.Debug|Any CPU.ActiveCfg = Debug|Any CPU
		{A24B48B5-8B01-44B4-8F9E-B6CC7F9C27FC}.Debug|Any CPU.Build.0 = Debug|Any CPU
		{A24B48B5-8B01-44B4-8F9E-B6CC7F9C27FC}.Release|Any CPU.ActiveCfg = Release|Any CPU
		{A24B48B5-8B01-44B4-8F9E-B6CC7F9C27FC}.Release|Any CPU.Build.0 = Release|Any CPU
		{32A013AD-3D6B-4CFF-B39D-A2E362149678}.Debug|Any CPU.ActiveCfg = Debug|Any CPU
		{32A013AD-3D6B-4CFF-B39D-A2E362149678}.Debug|Any CPU.Build.0 = Debug|Any CPU
		{32A013AD-3D6B-4CFF-B39D-A2E362149678}.Release|Any CPU.ActiveCfg = Release|Any CPU
		{32A013AD-3D6B-4CFF-B39D-A2E362149678}.Release|Any CPU.Build.0 = Release|Any CPU
		{747E1C5D-C08F-450D-AC99-50E5D2483C5B}.Debug|Any CPU.ActiveCfg = Debug|Any CPU
		{747E1C5D-C08F-450D-AC99-50E5D2483C5B}.Debug|Any CPU.Build.0 = Debug|Any CPU
		{747E1C5D-C08F-450D-AC99-50E5D2483C5B}.Release|Any CPU.ActiveCfg = Release|Any CPU
		{747E1C5D-C08F-450D-AC99-50E5D2483C5B}.Release|Any CPU.Build.0 = Release|Any CPU
		{A44ED29B-3C21-4BE2-85E3-BA84DAE3C3F4}.Debug|Any CPU.ActiveCfg = Debug|Any CPU
		{A44ED29B-3C21-4BE2-85E3-BA84DAE3C3F4}.Debug|Any CPU.Build.0 = Debug|Any CPU
		{A44ED29B-3C21-4BE2-85E3-BA84DAE3C3F4}.Release|Any CPU.ActiveCfg = Release|Any CPU
		{A44ED29B-3C21-4BE2-85E3-BA84DAE3C3F4}.Release|Any CPU.Build.0 = Release|Any CPU
		{04F8A557-E702-411B-B03D-B1C137ADAC97}.Debug|Any CPU.ActiveCfg = Debug|Any CPU
		{04F8A557-E702-411B-B03D-B1C137ADAC97}.Debug|Any CPU.Build.0 = Debug|Any CPU
		{04F8A557-E702-411B-B03D-B1C137ADAC97}.Release|Any CPU.ActiveCfg = Release|Any CPU
		{04F8A557-E702-411B-B03D-B1C137ADAC97}.Release|Any CPU.Build.0 = Release|Any CPU
		{50545D5C-0BF6-40A5-BA71-3584966B0C35}.Debug|Any CPU.ActiveCfg = Debug|Any CPU
		{50545D5C-0BF6-40A5-BA71-3584966B0C35}.Debug|Any CPU.Build.0 = Debug|Any CPU
		{50545D5C-0BF6-40A5-BA71-3584966B0C35}.Release|Any CPU.ActiveCfg = Release|Any CPU
		{50545D5C-0BF6-40A5-BA71-3584966B0C35}.Release|Any CPU.Build.0 = Release|Any CPU
		{4AFA87D2-8C65-4DED-BC8F-8B603C73FB22}.Debug|Any CPU.ActiveCfg = Debug|Any CPU
		{4AFA87D2-8C65-4DED-BC8F-8B603C73FB22}.Debug|Any CPU.Build.0 = Debug|Any CPU
		{4AFA87D2-8C65-4DED-BC8F-8B603C73FB22}.Release|Any CPU.ActiveCfg = Release|Any CPU
		{4AFA87D2-8C65-4DED-BC8F-8B603C73FB22}.Release|Any CPU.Build.0 = Release|Any CPU
	EndGlobalSection
	GlobalSection(SolutionProperties) = preSolution
		HideSolutionNode = FALSE
	EndGlobalSection
	GlobalSection(NestedProjects) = preSolution
		{E44756AF-E8E3-4691-86C7-DA76D5402733} = {B98438FC-DD7F-41EF-BCE1-F945F586DDEF}
		{1F85F948-91FA-42B9-A026-0718E4E6FADB} = {B98438FC-DD7F-41EF-BCE1-F945F586DDEF}
		{7815A52C-136F-46B4-8E28-CFF4764FFB35} = {B98438FC-DD7F-41EF-BCE1-F945F586DDEF}
		{820DEE29-6964-4B83-AEA9-83974EEC80DA} = {B98438FC-DD7F-41EF-BCE1-F945F586DDEF}
		{23560F47-B37C-4527-93EB-EB97CD727CC2} = {E44756AF-E8E3-4691-86C7-DA76D5402733}
		{0EEC1213-CE74-46F7-BD1A-4238915991BE} = {1F85F948-91FA-42B9-A026-0718E4E6FADB}
		{4B3EEB05-AEB5-4E74-9B75-3D7A520F448B} = {820DEE29-6964-4B83-AEA9-83974EEC80DA}
		{A24B48B5-8B01-44B4-8F9E-B6CC7F9C27FC} = {7815A52C-136F-46B4-8E28-CFF4764FFB35}
		{0BD17381-FB28-4271-8514-104F203E06AF} = {B98438FC-DD7F-41EF-BCE1-F945F586DDEF}
		{32A013AD-3D6B-4CFF-B39D-A2E362149678} = {0BD17381-FB28-4271-8514-104F203E06AF}
		{FEC73D8E-A1B5-418C-8739-C89D88B1EB6D} = {19FAA0C0-48D5-4506-9F87-444F4A7D6531}
		{747E1C5D-C08F-450D-AC99-50E5D2483C5B} = {FEC73D8E-A1B5-418C-8739-C89D88B1EB6D}
		{5D18D460-B875-4A90-ACD7-08941C39A509} = {19FAA0C0-48D5-4506-9F87-444F4A7D6531}
		{A44ED29B-3C21-4BE2-85E3-BA84DAE3C3F4} = {5D18D460-B875-4A90-ACD7-08941C39A509}
		{F17C32E3-7C3E-4F1C-B8F8-08C34493A7D1} = {19FAA0C0-48D5-4506-9F87-444F4A7D6531}
		{476DD0CF-36E9-4A6F-95E7-1D39A7600450} = {19FAA0C0-48D5-4506-9F87-444F4A7D6531}
		{04F8A557-E702-411B-B03D-B1C137ADAC97} = {F17C32E3-7C3E-4F1C-B8F8-08C34493A7D1}
		{50545D5C-0BF6-40A5-BA71-3584966B0C35} = {476DD0CF-36E9-4A6F-95E7-1D39A7600450}
		{A1BBA43C-9DBB-4F11-B493-D3F7CDB482A5} = {B98438FC-DD7F-41EF-BCE1-F945F586DDEF}
		{4AFA87D2-8C65-4DED-BC8F-8B603C73FB22} = {A1BBA43C-9DBB-4F11-B493-D3F7CDB482A5}
	EndGlobalSection
	GlobalSection(ExtensibilityGlobals) = postSolution
		SolutionGuid = {61F4A4D7-4BD0-4C4A-9A8B-0AC4053FBBC3}
	EndGlobalSection
EndGlobal
